{
  "originHash" : "8e03f0b174e4760e7a3d0630d9ba3bb7501784b53ab932ca3207fd58d6703658",
  "pins" : [
    {
      "identity" : "libwebp-xcode",
      "kind" : "remoteSourceControl",
      "location" : "https://github.com/SDWebImage/libwebp-Xcode",
      "state" : {
        "revision" : "2b5256c29ff4e20f2a0d5ee863b62b1a22144434",
        "version" : "1.6.0"
      }
    },
    {
      "identity" : "purchases-ios-spm",
      "kind" : "remoteSourceControl",
      "location" : "https://github.com/RevenueCat/purchases-ios-spm.git",
      "state" : {
        "revision" : "1af9d1bf28df81af57a1958237c98bb562b8cc6b",
        "version" : "5.85.0"
      }
    }
  ],
  "version" : 3
}
