// !$*UTF8*$!
{
	archiveVersion = 1;
	classes = {
	};
	objectVersion = 77;
	objects = {

/* Begin PBXContainerItemProxy section */
		A14959BD302F0E9C00903E35 /* PBXContainerItemProxy */ = {
			isa = PBXContainerItemProxy;
			containerPortal = A14959A7302F0E9A00903E35 /* Project object */;
			proxyType = 1;
			remoteGlobalIDString = A14959AE302F0E9A00903E35;
			remoteInfo = YomMock;
		};
		A14959C7302F0E9C00903E35 /* PBXContainerItemProxy */ = {
			isa = PBXContainerItemProxy;
			containerPortal = A14959A7302F0E9A00903E35 /* Project object */;
			proxyType = 1;
			remoteGlobalIDString = A14959AE302F0E9A00903E35;
			remoteInfo = YomMock;
		};
/* End PBXContainerItemProxy section */

/* Begin PBXFileReference section */
		A130BD723038704800A28933 /* YomMock-iPad.app */ = {isa = PBXFileReference; explicitFileType = wrapper.application; includeInIndex = 0; path = "YomMock-iPad.app"; sourceTree = BUILT_PRODUCTS_DIR; };
		A14959AF302F0E9A00903E35 /* YomMock.app */ = {isa = PBXFileReference; explicitFileType = wrapper.application; includeInIndex = 0; path = YomMock.app; sourceTree = BUILT_PRODUCTS_DIR; };
		A14959BC302F0E9C00903E35 /* YomMockTests.xctest */ = {isa = PBXFileReference; explicitFileType = wrapper.cfbundle; includeInIndex = 0; path = YomMockTests.xctest; sourceTree = BUILT_PRODUCTS_DIR; };
		A14959C6302F0E9C00903E35 /* YomMockUITests.xctest */ = {isa = PBXFileReference; explicitFileType = wrapper.cfbundle; includeInIndex = 0; path = YomMockUITests.xctest; sourceTree = BUILT_PRODUCTS_DIR; };
/* End PBXFileReference section */

/* Begin PBXFileSystemSynchronizedRootGroup section */
		A14959B1302F0E9A00903E35 /* YomMock */ = {
			isa = PBXFileSystemSynchronizedRootGroup;
			path = YomMock;
			sourceTree = "<group>";
		};
		A14959BF302F0E9C00903E35 /* YomMockTests */ = {
			isa = PBXFileSystemSynchronizedRootGroup;
			path = YomMockTests;
			sourceTree = "<group>";
		};
		A14959C9302F0E9C00903E35 /* YomMockUITests */ = {
			isa = PBXFileSystemSynchronizedRootGroup;
			path = YomMockUITests;
			sourceTree = "<group>";
		};
		A14959E1302F0EB000903E35 /* YomMockCore */ = {
			isa = PBXFileSystemSynchronizedRootGroup;
			path = YomMockCore;
			sourceTree = "<group>";
		};
		A14959E2302F0EB000903E35 /* YomMock-iPad */ = {
			isa = PBXFileSystemSynchronizedRootGroup;
			path = "YomMock-iPad";
			sourceTree = "<group>";
		};
/* End PBXFileSystemSynchronizedRootGroup section */

/* Begin PBXFrameworksBuildPhase section */
		A14959AC302F0E9A00903E35 /* Frameworks */ = {
			isa = PBXFrameworksBuildPhase;
			buildActionMask = 2147483647;
			files = (
			);
			runOnlyForDeploymentPostprocessing = 0;
		};
		A14959B9302F0E9C00903E35 /* Frameworks */ = {
			isa = PBXFrameworksBuildPhase;
			buildActionMask = 2147483647;
			files = (
			);
			runOnlyForDeploymentPostprocessing = 0;
		};
		A14959C3302F0E9C00903E35 /* Frameworks */ = {
			isa = PBXFrameworksBuildPhase;
			buildActionMask = 2147483647;
			files = (
			);
			runOnlyForDeploymentPostprocessing = 0;
		};
		A14959E4302F0EB000903E35 /* Frameworks */ = {
			isa = PBXFrameworksBuildPhase;
			buildActionMask = 2147483647;
			files = (
			);
			runOnlyForDeploymentPostprocessing = 0;
		};
/* End PBXFrameworksBuildPhase section */

/* Begin PBXGroup section */
		A130BD713038704800A28933 /* Recovered References */ = {
			isa = PBXGroup;
			children = (
				A14959E1302F0EB000903E35 /* YomMockCore */,
				A14959E2302F0EB000903E35 /* YomMock-iPad */,
			);
			name = "Recovered References";
			sourceTree = "<group>";
		};
		A14959A6302F0E9A00903E35 = {
			isa = PBXGroup;
			children = (
				A14959B1302F0E9A00903E35 /* YomMock */,
				A14959BF302F0E9C00903E35 /* YomMockTests */,
				A14959C9302F0E9C00903E35 /* YomMockUITests */,
				A14959B0302F0E9A00903E35 /* Products */,
				A130BD713038704800A28933 /* Recovered References */,
			);
			sourceTree = "<group>";
		};
		A14959B0302F0E9A00903E35 /* Products */ = {
			isa = PBXGroup;
			children = (
				A14959AF302F0E9A00903E35 /* YomMock.app */,
				A14959BC302F0E9C00903E35 /* YomMockTests.xctest */,
				A14959C6302F0E9C00903E35 /* YomMockUITests.xctest */,
				A130BD723038704800A28933 /* YomMock-iPad.app */,
			);
			name = Products;
			sourceTree = "<group>";
		};
/* End PBXGroup section */

/* Begin PBXNativeTarget section */
		A14959AE302F0E9A00903E35 /* YomMock */ = {
			isa = PBXNativeTarget;
			buildConfigurationList = A14959D0302F0E9C00903E35 /* Build configuration list for PBXNativeTarget "YomMock" */;
			buildPhases = (
				A14959AB302F0E9A00903E35 /* Sources */,
				A14959AC302F0E9A00903E35 /* Frameworks */,
				A14959AD302F0E9A00903E35 /* Resources */,
			);
			buildRules = (
			);
			dependencies = (
			);
			fileSystemSynchronizedGroups = (
				A14959B1302F0E9A00903E35 /* YomMock */,
				A14959E1302F0EB000903E35 /* YomMockCore */,
			);
			name = YomMock;
			packageProductDependencies = (
			);
			productName = YomMock;
			productReference = A14959AF302F0E9A00903E35 /* YomMock.app */;
			productType = "com.apple.product-type.application";
		};
		A14959BB302F0E9C00903E35 /* YomMockTests */ = {
			isa = PBXNativeTarget;
			buildConfigurationList = A14959D3302F0E9C00903E35 /* Build configuration list for PBXNativeTarget "YomMockTests" */;
			buildPhases = (
				A14959B8302F0E9C00903E35 /* Sources */,
				A14959B9302F0E9C00903E35 /* Frameworks */,
				A14959BA302F0E9C00903E35 /* Resources */,
			);
			buildRules = (
			);
			dependencies = (
				A14959BE302F0E9C00903E35 /* PBXTargetDependency */,
			);
			fileSystemSynchronizedGroups = (
				A14959BF302F0E9C00903E35 /* YomMockTests */,
			);
			name = YomMockTests;
			packageProductDependencies = (
			);
			productName = YomMockTests;
			productReference = A14959BC302F0E9C00903E35 /* YomMockTests.xctest */;
			productType = "com.apple.product-type.bundle.unit-test";
		};
		A14959C5302F0E9C00903E35 /* YomMockUITests */ = {
			isa = PBXNativeTarget;
			buildConfigurationList = A14959D6302F0E9C00903E35 /* Build configuration list for PBXNativeTarget "YomMockUITests" */;
			buildPhases = (
				A14959C2302F0E9C00903E35 /* Sources */,
				A14959C3302F0E9C00903E35 /* Frameworks */,
				A14959C4302F0E9C00903E35 /* Resources */,
			);
			buildRules = (
			);
			dependencies = (
				A14959C8302F0E9C00903E35 /* PBXTargetDependency */,
			);
			fileSystemSynchronizedGroups = (
				A14959C9302F0E9C00903E35 /* YomMockUITests */,
			);
			name = YomMockUITests;
			packageProductDependencies = (
			);
			productName = YomMockUITests;
			productReference = A14959C6302F0E9C00903E35 /* YomMockUITests.xctest */;
			productType = "com.apple.product-type.bundle.ui-testing";
		};
		A14959E6302F0EB000903E35 /* YomMock-iPad */ = {
			isa = PBXNativeTarget;
			buildConfigurationList = A14959EA302F0EB000903E35 /* Build configuration list for PBXNativeTarget "YomMock-iPad" */;
			buildPhases = (
				A14959E3302F0EB000903E35 /* Sources */,
				A14959E4302F0EB000903E35 /* Frameworks */,
				A14959E5302F0EB000903E35 /* Resources */,
			);
			buildRules = (
			);
			dependencies = (
			);
			fileSystemSynchronizedGroups = (
				A14959E1302F0EB000903E35 /* YomMockCore */,
				A14959E2302F0EB000903E35 /* YomMock-iPad */,
			);
			name = "YomMock-iPad";
			packageProductDependencies = (
			);
			productName = "YomMock-iPad";
			productReference = A130BD723038704800A28933 /* YomMock-iPad.app */;
			productType = "com.apple.product-type.application";
		};
/* End PBXNativeTarget section */

/* Begin PBXProject section */
		A14959A7302F0E9A00903E35 /* Project object */ = {
			isa = PBXProject;
			attributes = {
				BuildIndependentTargetsInParallel = 1;
				LastSwiftUpdateCheck = 2610;
				LastUpgradeCheck = 2610;
				TargetAttributes = {
					A14959AE302F0E9A00903E35 = {
						CreatedOnToolsVersion = 26.1.1;
					};
					A14959BB302F0E9C00903E35 = {
						CreatedOnToolsVersion = 26.1.1;
						TestTargetID = A14959AE302F0E9A00903E35;
					};
					A14959C5302F0E9C00903E35 = {
						CreatedOnToolsVersion = 26.1.1;
						TestTargetID = A14959AE302F0E9A00903E35;
					};
					A14959E6302F0EB000903E35 = {
						CreatedOnToolsVersion = 26.1.1;
					};
				};
			};
			buildConfigurationList = A14959AA302F0E9A00903E35 /* Build configuration list for PBXProject "YomMock" */;
			developmentRegion = en;
			hasScannedForEncodings = 0;
			knownRegions = (
				en,
				Base,
			);
			mainGroup = A14959A6302F0E9A00903E35;
			minimizedProjectReferenceProxies = 1;
			preferredProjectObjectVersion = 77;
			productRefGroup = A14959B0302F0E9A00903E35 /* Products */;
			projectDirPath = "";
			projectRoot = "";
			targets = (
				A14959AE302F0E9A00903E35 /* YomMock */,
				A14959E6302F0EB000903E35 /* YomMock-iPad */,
				A14959BB302F0E9C00903E35 /* YomMockTests */,
				A14959C5302F0E9C00903E35 /* YomMockUITests */,
			);
		};
/* End PBXProject section */

/* Begin PBXResourcesBuildPhase section */
		A14959AD302F0E9A00903E35 /* Resources */ = {
			isa = PBXResourcesBuildPhase;
			buildActionMask = 2147483647;
			files = (
			);
			runOnlyForDeploymentPostprocessing = 0;
		};
		A14959BA302F0E9C00903E35 /* Resources */ = {
			isa = PBXResourcesBuildPhase;
			buildActionMask = 2147483647;
			files = (
			);
			runOnlyForDeploymentPostprocessing = 0;
		};
		A14959C4302F0E9C00903E35 /* Resources */ = {
			isa = PBXResourcesBuildPhase;
			buildActionMask = 2147483647;
			files = (
			);
			runOnlyForDeploymentPostprocessing = 0;
		};
		A14959E5302F0EB000903E35 /* Resources */ = {
			isa = PBXResourcesBuildPhase;
			buildActionMask = 2147483647;
			files = (
			);
			runOnlyForDeploymentPostprocessing = 0;
		};
/* End PBXResourcesBuildPhase section */

/* Begin PBXSourcesBuildPhase section */
		A14959AB302F0E9A00903E35 /* Sources */ = {
			isa = PBXSourcesBuildPhase;
			buildActionMask = 2147483647;
			files = (
			);
			runOnlyForDeploymentPostprocessing = 0;
		};
		A14959B8302F0E9C00903E35 /* Sources */ = {
			isa = PBXSourcesBuildPhase;
			buildActionMask = 2147483647;
			files = (
			);
			runOnlyForDeploymentPostprocessing = 0;
		};
		A14959C2302F0E9C00903E35 /* Sources */ = {
			isa = PBXSourcesBuildPhase;
			buildActionMask = 2147483647;
			files = (
			);
			runOnlyForDeploymentPostprocessing = 0;
		};
		A14959E3302F0EB000903E35 /* Sources */ = {
			isa = PBXSourcesBuildPhase;
			buildActionMask = 2147483647;
			files = (
			);
			runOnlyForDeploymentPostprocessing = 0;
		};
/* End PBXSourcesBuildPhase section */

/* Begin PBXTargetDependency section */
		A14959BE302F0E9C00903E35 /* PBXTargetDependency */ = {
			isa = PBXTargetDependency;
			target = A14959AE302F0E9A00903E35 /* YomMock */;
			targetProxy = A14959BD302F0E9C00903E35 /* PBXContainerItemProxy */;
		};
		A14959C8302F0E9C00903E35 /* PBXTargetDependency */ = {
			isa = PBXTargetDependency;
			target = A14959AE302F0E9A00903E35 /* YomMock */;
			targetProxy = A14959C7302F0E9C00903E35 /* PBXContainerItemProxy */;
		};
/* End PBXTargetDependency section */

/* Begin XCBuildConfiguration section */
		A14959CE302F0E9C00903E35 /* Debug */ = {
			isa = XCBuildConfiguration;
			buildSettings = {
				ALWAYS_SEARCH_USER_PATHS = NO;
				ASSETCATALOG_COMPILER_GENERATE_SWIFT_ASSET_SYMBOL_EXTENSIONS = YES;
				CLANG_ANALYZER_NONNULL = YES;
				CLANG_ANALYZER_NUMBER_OBJECT_CONVERSION = YES_AGGRESSIVE;
				CLANG_CXX_LANGUAGE_STANDARD = "gnu++20";
				CLANG_ENABLE_MODULES = YES;
				CLANG_ENABLE_OBJC_ARC = YES;
				CLANG_ENABLE_OBJC_WEAK = YES;
				CLANG_WARN_BLOCK_CAPTURE_AUTORELEASING = YES;
				CLANG_WARN_BOOL_CONVERSION = YES;
				CLANG_WARN_COMMA = YES;
				CLANG_WARN_CONSTANT_CONVERSION = YES;
				CLANG_WARN_DEPRECATED_OBJC_IMPLEMENTATIONS = YES;
				CLANG_WARN_DIRECT_OBJC_ISA_USAGE = YES_ERROR;
				CLANG_WARN_DOCUMENTATION_COMMENTS = YES;
				CLANG_WARN_EMPTY_BODY = YES;
				CLANG_WARN_ENUM_CONVERSION = YES;
				CLANG_WARN_INFINITE_RECURSION = YES;
				CLANG_WARN_INT_CONVERSION = YES;
				CLANG_WARN_NON_LITERAL_NULL_CONVERSION = YES;
				CLANG_WARN_OBJC_IMPLICIT_RETAIN_SELF = YES;
				CLANG_WARN_OBJC_LITERAL_CONVERSION = YES;
				CLANG_WARN_OBJC_ROOT_CLASS = YES_ERROR;
				CLANG_WARN_QUOTED_INCLUDE_IN_FRAMEWORK_HEADER = YES;
				CLANG_WARN_RANGE_LOOP_ANALYSIS = YES;
				CLANG_WARN_STRICT_PROTOTYPES = YES;
				CLANG_WARN_SUSPICIOUS_MOVE = YES;
				CLANG_WARN_UNGUARDED_AVAILABILITY = YES_AGGRESSIVE;
				CLANG_WARN_UNREACHABLE_CODE = YES;
				CLANG_WARN__DUPLICATE_METHOD_MATCH = YES;
				COPY_PHASE_STRIP = NO;
				DEBUG_INFORMATION_FORMAT = dwarf;
				DEVELOPMENT_TEAM = NNJNNZZKNN;
				ENABLE_STRICT_OBJC_MSGSEND = YES;
				ENABLE_TESTABILITY = YES;
				ENABLE_USER_SCRIPT_SANDBOXING = YES;
				GCC_C_LANGUAGE_STANDARD = gnu17;
				GCC_DYNAMIC_NO_PIC = NO;
				GCC_NO_COMMON_BLOCKS = YES;
				GCC_OPTIMIZATION_LEVEL = 0;
				GCC_PREPROCESSOR_DEFINITIONS = (
					"DEBUG=1",
					"$(inherited)",
				);
				GCC_WARN_64_TO_32_BIT_CONVERSION = YES;
				GCC_WARN_ABOUT_RETURN_TYPE = YES_ERROR;
				GCC_WARN_UNDECLARED_SELECTOR = YES;
				GCC_WARN_UNINITIALIZED_AUTOS = YES_AGGRESSIVE;
				GCC_WARN_UNUSED_FUNCTION = YES;
				GCC_WARN_UNUSED_VARIABLE = YES;
				LOCALIZATION_PREFERS_STRING_CATALOGS = YES;
				MACOSX_DEPLOYMENT_TARGET = 26.1;
				MTL_ENABLE_DEBUG_INFO = INCLUDE_SOURCE;
				MTL_FAST_MATH = YES;
				ONLY_ACTIVE_ARCH = YES;
				SDKROOT = macosx;
				SWIFT_ACTIVE_COMPILATION_CONDITIONS = "DEBUG $(inherited)";
				SWIFT_OPTIMIZATION_LEVEL = "-Onone";
			};
			name = Debug;
		};
		A14959CF302F0E9C00903E35 /* Release */ = {
			isa = XCBuildConfiguration;
			buildSettings = {
				ALWAYS_SEARCH_USER_PATHS = NO;
				ASSETCATALOG_COMPILER_GENERATE_SWIFT_ASSET_SYMBOL_EXTENSIONS = YES;
				CLANG_ANALYZER_NONNULL = YES;
				CLANG_ANALYZER_NUMBER_OBJECT_CONVERSION = YES_AGGRESSIVE;
				CLANG_CXX_LANGUAGE_STANDARD = "gnu++20";
				CLANG_ENABLE_MODULES = YES;
				CLANG_ENABLE_OBJC_ARC = YES;
				CLANG_ENABLE_OBJC_WEAK = YES;
				CLANG_WARN_BLOCK_CAPTURE_AUTORELEASING = YES;
				CLANG_WARN_BOOL_CONVERSION = YES;
				CLANG_WARN_COMMA = YES;
				CLANG_WARN_CONSTANT_CONVERSION = YES;
				CLANG_WARN_DEPRECATED_OBJC_IMPLEMENTATIONS = YES;
				CLANG_WARN_DIRECT_OBJC_ISA_USAGE = YES_ERROR;
				CLANG_WARN_DOCUMENTATION_COMMENTS = YES;
				CLANG_WARN_EMPTY_BODY = YES;
				CLANG_WARN_ENUM_CONVERSION = YES;
				CLANG_WARN_INFINITE_RECURSION = YES;
				CLANG_WARN_INT_CONVERSION = YES;
				CLANG_WARN_NON_LITERAL_NULL_CONVERSION = YES;
				CLANG_WARN_OBJC_IMPLICIT_RETAIN_SELF = YES;
				CLANG_WARN_OBJC_LITERAL_CONVERSION = YES;
				CLANG_WARN_OBJC_ROOT_CLASS = YES_ERROR;
				CLANG_WARN_QUOTED_INCLUDE_IN_FRAMEWORK_HEADER = YES;
				CLANG_WARN_RANGE_LOOP_ANALYSIS = YES;
				CLANG_WARN_STRICT_PROTOTYPES = YES;
				CLANG_WARN_SUSPICIOUS_MOVE = YES;
				CLANG_WARN_UNGUARDED_AVAILABILITY = YES_AGGRESSIVE;
				CLANG_WARN_UNREACHABLE_CODE = YES;
				CLANG_WARN__DUPLICATE_METHOD_MATCH = YES;
				COPY_PHASE_STRIP = NO;
				DEBUG_INFORMATION_FORMAT = "dwarf-with-dsym";
				DEVELOPMENT_TEAM = NNJNNZZKNN;
				ENABLE_NS_ASSERTIONS = NO;
				ENABLE_STRICT_OBJC_MSGSEND = YES;
				ENABLE_USER_SCRIPT_SANDBOXING = YES;
				GCC_C_LANGUAGE_STANDARD = gnu17;
				GCC_NO_COMMON_BLOCKS = YES;
				GCC_WARN_64_TO_32_BIT_CONVERSION = YES;
				GCC_WARN_ABOUT_RETURN_TYPE = YES_ERROR;
				GCC_WARN_UNDECLARED_SELECTOR = YES;
				GCC_WARN_UNINITIALIZED_AUTOS = YES_AGGRESSIVE;
				GCC_WARN_UNUSED_FUNCTION = YES;
				GCC_WARN_UNUSED_VARIABLE = YES;
				LOCALIZATION_PREFERS_STRING_CATALOGS = YES;
				MACOSX_DEPLOYMENT_TARGET = 26.1;
				MTL_ENABLE_DEBUG_INFO = NO;
				MTL_FAST_MATH = YES;
				SDKROOT = macosx;
				SWIFT_COMPILATION_MODE = wholemodule;
			};
			name = Release;
		};
		A14959D1302F0E9C00903E35 /* Debug */ = {
			isa = XCBuildConfiguration;
			buildSettings = {
				ASSETCATALOG_COMPILER_APPICON_NAME = AppIcon;
				ASSETCATALOG_COMPILER_GLOBAL_ACCENT_COLOR_NAME = AccentColor;
				CODE_SIGN_STYLE = Automatic;
				COMBINE_HIDPI_IMAGES = YES;
				CURRENT_PROJECT_VERSION = 1;
				DEVELOPMENT_TEAM = NNJNNZZKNN;
				ENABLE_APP_SANDBOX = YES;
				ENABLE_HARDENED_RUNTIME = YES;
				ENABLE_PREVIEWS = YES;
				ENABLE_USER_SELECTED_FILES = readwrite;
				GENERATE_INFOPLIST_FILE = YES;
				INFOPLIST_FILE = Info.plist;
				INFOPLIST_KEY_NSHumanReadableCopyright = "";
				LD_RUNPATH_SEARCH_PATHS = (
					"$(inherited)",
					"@executable_path/../Frameworks",
				);
				MARKETING_VERSION = 1.0;
				PRODUCT_BUNDLE_IDENTIFIER = xyz.yomlabs.YomMock;
				PRODUCT_NAME = "$(TARGET_NAME)";
				REGISTER_APP_GROUPS = YES;
				STRING_CATALOG_GENERATE_SYMBOLS = YES;
				SWIFT_APPROACHABLE_CONCURRENCY = YES;
				SWIFT_DEFAULT_ACTOR_ISOLATION = MainActor;
				SWIFT_EMIT_LOC_STRINGS = YES;
				SWIFT_UPCOMING_FEATURE_MEMBER_IMPORT_VISIBILITY = YES;
				SWIFT_VERSION = 5.0;
			};
			name = Debug;
		};
		A14959D2302F0E9C00903E35 /* Release */ = {
			isa = XCBuildConfiguration;
			buildSettings = {
				ASSETCATALOG_COMPILER_APPICON_NAME = AppIcon;
				ASSETCATALOG_COMPILER_GLOBAL_ACCENT_COLOR_NAME = AccentColor;
				CODE_SIGN_STYLE = Automatic;
				COMBINE_HIDPI_IMAGES = YES;
				CURRENT_PROJECT_VERSION = 1;
				DEVELOPMENT_TEAM = NNJNNZZKNN;
				ENABLE_APP_SANDBOX = YES;
				ENABLE_HARDENED_RUNTIME = YES;
				ENABLE_PREVIEWS = YES;
				ENABLE_USER_SELECTED_FILES = readwrite;
				GENERATE_INFOPLIST_FILE = YES;
				INFOPLIST_FILE = Info.plist;
				INFOPLIST_KEY_NSHumanReadableCopyright = "";
				LD_RUNPATH_SEARCH_PATHS = (
					"$(inherited)",
					"@executable_path/../Frameworks",
				);
				MARKETING_VERSION = 1.0;
				PRODUCT_BUNDLE_IDENTIFIER = xyz.yomlabs.YomMock;
				PRODUCT_NAME = "$(TARGET_NAME)";
				REGISTER_APP_GROUPS = YES;
				STRING_CATALOG_GENERATE_SYMBOLS = YES;
				SWIFT_APPROACHABLE_CONCURRENCY = YES;
				SWIFT_DEFAULT_ACTOR_ISOLATION = MainActor;
				SWIFT_EMIT_LOC_STRINGS = YES;
				SWIFT_UPCOMING_FEATURE_MEMBER_IMPORT_VISIBILITY = YES;
				SWIFT_VERSION = 5.0;
			};
			name = Release;
		};
		A14959D4302F0E9C00903E35 /* Debug */ = {
			isa = XCBuildConfiguration;
			buildSettings = {
				BUNDLE_LOADER = "$(TEST_HOST)";
				CODE_SIGN_STYLE = Automatic;
				CURRENT_PROJECT_VERSION = 1;
				DEVELOPMENT_TEAM = NNJNNZZKNN;
				GENERATE_INFOPLIST_FILE = YES;
				MACOSX_DEPLOYMENT_TARGET = 26.1;
				MARKETING_VERSION = 1.0;
				PRODUCT_BUNDLE_IDENTIFIER = xyz.yomlabs.YomMockTests;
				PRODUCT_NAME = "$(TARGET_NAME)";
				STRING_CATALOG_GENERATE_SYMBOLS = NO;
				SWIFT_APPROACHABLE_CONCURRENCY = YES;
				SWIFT_EMIT_LOC_STRINGS = NO;
				SWIFT_UPCOMING_FEATURE_MEMBER_IMPORT_VISIBILITY = YES;
				SWIFT_VERSION = 5.0;
				TEST_HOST = "$(BUILT_PRODUCTS_DIR)/YomMock.app/$(BUNDLE_EXECUTABLE_FOLDER_PATH)/YomMock";
			};
			name = Debug;
		};
		A14959D5302F0E9C00903E35 /* Release */ = {
			isa = XCBuildConfiguration;
			buildSettings = {
				BUNDLE_LOADER = "$(TEST_HOST)";
				CODE_SIGN_STYLE = Automatic;
				CURRENT_PROJECT_VERSION = 1;
				DEVELOPMENT_TEAM = NNJNNZZKNN;
				GENERATE_INFOPLIST_FILE = YES;
				MACOSX_DEPLOYMENT_TARGET = 26.1;
				MARKETING_VERSION = 1.0;
				PRODUCT_BUNDLE_IDENTIFIER = xyz.yomlabs.YomMockTests;
				PRODUCT_NAME = "$(TARGET_NAME)";
				STRING_CATALOG_GENERATE_SYMBOLS = NO;
				SWIFT_APPROACHABLE_CONCURRENCY = YES;
				SWIFT_EMIT_LOC_STRINGS = NO;
				SWIFT_UPCOMING_FEATURE_MEMBER_IMPORT_VISIBILITY = YES;
				SWIFT_VERSION = 5.0;
				TEST_HOST = "$(BUILT_PRODUCTS_DIR)/YomMock.app/$(BUNDLE_EXECUTABLE_FOLDER_PATH)/YomMock";
			};
			name = Release;
		};
		A14959D7302F0E9C00903E35 /* Debug */ = {
			isa = XCBuildConfiguration;
			buildSettings = {
				CODE_SIGN_STYLE = Automatic;
				CURRENT_PROJECT_VERSION = 1;
				DEVELOPMENT_TEAM = NNJNNZZKNN;
				GENERATE_INFOPLIST_FILE = YES;
				MARKETING_VERSION = 1.0;
				PRODUCT_BUNDLE_IDENTIFIER = xyz.yomlabs.YomMockUITests;
				PRODUCT_NAME = "$(TARGET_NAME)";
				STRING_CATALOG_GENERATE_SYMBOLS = NO;
				SWIFT_APPROACHABLE_CONCURRENCY = YES;
				SWIFT_EMIT_LOC_STRINGS = NO;
				SWIFT_UPCOMING_FEATURE_MEMBER_IMPORT_VISIBILITY = YES;
				SWIFT_VERSION = 5.0;
				TEST_TARGET_NAME = YomMock;
			};
			name = Debug;
		};
		A14959D8302F0E9C00903E35 /* Release */ = {
			isa = XCBuildConfiguration;
			buildSettings = {
				CODE_SIGN_STYLE = Automatic;
				CURRENT_PROJECT_VERSION = 1;
				DEVELOPMENT_TEAM = NNJNNZZKNN;
				GENERATE_INFOPLIST_FILE = YES;
				MARKETING_VERSION = 1.0;
				PRODUCT_BUNDLE_IDENTIFIER = xyz.yomlabs.YomMockUITests;
				PRODUCT_NAME = "$(TARGET_NAME)";
				STRING_CATALOG_GENERATE_SYMBOLS = NO;
				SWIFT_APPROACHABLE_CONCURRENCY = YES;
				SWIFT_EMIT_LOC_STRINGS = NO;
				SWIFT_UPCOMING_FEATURE_MEMBER_IMPORT_VISIBILITY = YES;
				SWIFT_VERSION = 5.0;
				TEST_TARGET_NAME = YomMock;
			};
			name = Release;
		};
		A14959E8302F0EB000903E35 /* Debug */ = {
			isa = XCBuildConfiguration;
			buildSettings = {
				ASSETCATALOG_COMPILER_APPICON_NAME = AppIcon;
				ASSETCATALOG_COMPILER_GLOBAL_ACCENT_COLOR_NAME = AccentColor;
				CODE_SIGN_STYLE = Automatic;
				CURRENT_PROJECT_VERSION = 1;
				DEVELOPMENT_TEAM = NNJNNZZKNN;
				ENABLE_PREVIEWS = YES;
				GENERATE_INFOPLIST_FILE = YES;
				INFOPLIST_FILE = "YomMock-iPad-Info.plist";
				INFOPLIST_KEY_CFBundleDisplayName = YomMock;
				INFOPLIST_KEY_NSPhotoLibraryAddUsageDescription = "Save exported frames and videos to your photo library.";
				INFOPLIST_KEY_UILaunchScreen_Generation = YES;
				INFOPLIST_KEY_UISupportedInterfaceOrientations_iPad = "UIInterfaceOrientationPortrait UIInterfaceOrientationPortraitUpsideDown UIInterfaceOrientationLandscapeLeft UIInterfaceOrientationLandscapeRight";
				IPHONEOS_DEPLOYMENT_TARGET = 26.0;
				LD_RUNPATH_SEARCH_PATHS = (
					"$(inherited)",
					"@executable_path/Frameworks",
				);
				MARKETING_VERSION = 1.0;
				PRODUCT_BUNDLE_IDENTIFIER = xyz.yomlabs.YomMock.iPad;
				PRODUCT_NAME = "$(TARGET_NAME)";
				SDKROOT = iphoneos;
				STRING_CATALOG_GENERATE_SYMBOLS = YES;
				SUPPORTED_PLATFORMS = "iphoneos iphonesimulator";
				SWIFT_APPROACHABLE_CONCURRENCY = YES;
				SWIFT_DEFAULT_ACTOR_ISOLATION = MainActor;
				SWIFT_EMIT_LOC_STRINGS = YES;
				SWIFT_VERSION = 5.0;
				TARGETED_DEVICE_FAMILY = 2;
			};
			name = Debug;
		};
		A14959E9302F0EB000903E35 /* Release */ = {
			isa = XCBuildConfiguration;
			buildSettings = {
				ASSETCATALOG_COMPILER_APPICON_NAME = AppIcon;
				ASSETCATALOG_COMPILER_GLOBAL_ACCENT_COLOR_NAME = AccentColor;
				CODE_SIGN_STYLE = Automatic;
				CURRENT_PROJECT_VERSION = 1;
				DEVELOPMENT_TEAM = NNJNNZZKNN;
				ENABLE_PREVIEWS = YES;
				GENERATE_INFOPLIST_FILE = YES;
				INFOPLIST_FILE = "YomMock-iPad-Info.plist";
				INFOPLIST_KEY_CFBundleDisplayName = YomMock;
				INFOPLIST_KEY_NSPhotoLibraryAddUsageDescription = "Save exported frames and videos to your photo library.";
				INFOPLIST_KEY_UILaunchScreen_Generation = YES;
				INFOPLIST_KEY_UISupportedInterfaceOrientations_iPad = "UIInterfaceOrientationPortrait UIInterfaceOrientationPortraitUpsideDown UIInterfaceOrientationLandscapeLeft UIInterfaceOrientationLandscapeRight";
				IPHONEOS_DEPLOYMENT_TARGET = 26.0;
				LD_RUNPATH_SEARCH_PATHS = (
					"$(inherited)",
					"@executable_path/Frameworks",
				);
				MARKETING_VERSION = 1.0;
				PRODUCT_BUNDLE_IDENTIFIER = xyz.yomlabs.YomMock.iPad;
				PRODUCT_NAME = "$(TARGET_NAME)";
				SDKROOT = iphoneos;
				STRING_CATALOG_GENERATE_SYMBOLS = YES;
				SUPPORTED_PLATFORMS = "iphoneos iphonesimulator";
				SWIFT_APPROACHABLE_CONCURRENCY = YES;
				SWIFT_DEFAULT_ACTOR_ISOLATION = MainActor;
				SWIFT_EMIT_LOC_STRINGS = YES;
				SWIFT_VERSION = 5.0;
				TARGETED_DEVICE_FAMILY = 2;
			};
			name = Release;
		};
/* End XCBuildConfiguration section */

/* Begin XCConfigurationList section */
		A14959AA302F0E9A00903E35 /* Build configuration list for PBXProject "YomMock" */ = {
			isa = XCConfigurationList;
			buildConfigurations = (
				A14959CE302F0E9C00903E35 /* Debug */,
				A14959CF302F0E9C00903E35 /* Release */,
			);
			defaultConfigurationIsVisible = 0;
			defaultConfigurationName = Release;
		};
		A14959D0302F0E9C00903E35 /* Build configuration list for PBXNativeTarget "YomMock" */ = {
			isa = XCConfigurationList;
			buildConfigurations = (
				A14959D1302F0E9C00903E35 /* Debug */,
				A14959D2302F0E9C00903E35 /* Release */,
			);
			defaultConfigurationIsVisible = 0;
			defaultConfigurationName = Release;
		};
		A14959D3302F0E9C00903E35 /* Build configuration list for PBXNativeTarget "YomMockTests" */ = {
			isa = XCConfigurationList;
			buildConfigurations = (
				A14959D4302F0E9C00903E35 /* Debug */,
				A14959D5302F0E9C00903E35 /* Release */,
			);
			defaultConfigurationIsVisible = 0;
			defaultConfigurationName = Release;
		};
		A14959D6302F0E9C00903E35 /* Build configuration list for PBXNativeTarget "YomMockUITests" */ = {
			isa = XCConfigurationList;
			buildConfigurations = (
				A14959D7302F0E9C00903E35 /* Debug */,
				A14959D8302F0E9C00903E35 /* Release */,
			);
			defaultConfigurationIsVisible = 0;
			defaultConfigurationName = Release;
		};
		A14959EA302F0EB000903E35 /* Build configuration list for PBXNativeTarget "YomMock-iPad" */ = {
			isa = XCConfigurationList;
			buildConfigurations = (
				A14959E8302F0EB000903E35 /* Debug */,
				A14959E9302F0EB000903E35 /* Release */,
			);
			defaultConfigurationIsVisible = 0;
			defaultConfigurationName = Release;
		};
/* End XCConfigurationList section */
	};
	rootObject = A14959A7302F0E9A00903E35 /* Project object */;
}
